// !$*UTF8*$!
{
	archiveVersion = 1;
	classes = {
	};
	objectVersion = 56;
	objects = {

/* Begin PBXBuildFile section */
		F33895FB2B7A5C9D008A8773 /* SupplementaryView.swift in Sources */ = {isa = PBXBuildFile; fileRef = F33895FA2B7A5C9D008A8773 /* SupplementaryView.swift */; };
		F33BDAFF2B837D41004AFF8D /* CreateActivityPresenter.swift in Sources */ = {isa = PBXBuildFile; fileRef = F33BDAFE2B837D41004AFF8D /* CreateActivityPresenter.swift */; };
		F33BDB012B837DC7004AFF8D /* CreateActivityViewController.swift in Sources */ = {isa = PBXBuildFile; fileRef = F33BDB002B837DC7004AFF8D /* CreateActivityViewController.swift */; };
		F33BDB032B837F0E004AFF8D /* CreateActivityScreenModel.swift in Sources */ = {isa = PBXBuildFile; fileRef = F33BDB022B837F0E004AFF8D /* CreateActivityScreenModel.swift */; };
		F33BDB052B8384B5004AFF8D /* TextFieldCell.swift in Sources */ = {isa = PBXBuildFile; fileRef = F33BDB042B8384B5004AFF8D /* TextFieldCell.swift */; };
		F33BDB072B838A20004AFF8D /* SubtitledDetailTableViewCell.swift in Sources */ = {isa = PBXBuildFile; fileRef = F33BDB062B838A20004AFF8D /* SubtitledDetailTableViewCell.swift */; };
		F33BDB0B2B84846B004AFF8D /* ColorCell.swift in Sources */ = {isa = PBXBuildFile; fileRef = F33BDB0A2B84846B004AFF8D /* ColorCell.swift */; };
		F33BDB0D2B84848C004AFF8D /* EmojiCell.swift in Sources */ = {isa = PBXBuildFile; fileRef = F33BDB0C2B84848C004AFF8D /* EmojiCell.swift */; };
		F33BDB0F2B8497EB004AFF8D /* EmojiTableViewCell.swift in Sources */ = {isa = PBXBuildFile; fileRef = F33BDB0E2B8497EB004AFF8D /* EmojiTableViewCell.swift */; };
		F33BDB112B84CD5D004AFF8D /* ColorTableViewCell.swift in Sources */ = {isa = PBXBuildFile; fileRef = F33BDB102B84CD5D004AFF8D /* ColorTableViewCell.swift */; };
		F33BDB142B84D299004AFF8D /* HeaderView.swift in Sources */ = {isa = PBXBuildFile; fileRef = F33BDB132B84D299004AFF8D /* HeaderView.swift */; };
		F34D6D982B99E630009424C1 /* TrackerStore.swift in Sources */ = {isa = PBXBuildFile; fileRef = F34D6D972B99E630009424C1 /* TrackerStore.swift */; };
		F34D6D9A2B99E641009424C1 /* TrackerCategoryStore.swift in Sources */ = {isa = PBXBuildFile; fileRef = F34D6D992B99E640009424C1 /* TrackerCategoryStore.swift */; };
		F34D6D9C2B99E64A009424C1 /* TrackerRecordStore.swift in Sources */ = {isa = PBXBuildFile; fileRef = F34D6D9B2B99E64A009424C1 /* TrackerRecordStore.swift */; };
		F34EDF1A2B7CF4CB002563C9 /* CreateTrackerViewController.swift in Sources */ = {isa = PBXBuildFile; fileRef = F34EDF192B7CF4CB002563C9 /* CreateTrackerViewController.swift */; };
		F34EDF1D2B7CF503002563C9 /* CreateTrackerScreenModel.swift in Sources */ = {isa = PBXBuildFile; fileRef = F34EDF1C2B7CF503002563C9 /* CreateTrackerScreenModel.swift */; };
		F34EDF1F2B7CF51E002563C9 /* CreateTrackerPresenter.swift in Sources */ = {isa = PBXBuildFile; fileRef = F34EDF1E2B7CF51E002563C9 /* CreateTrackerPresenter.swift */; };
		F36D357D2B999BFB0079CA43 /* CoreDataStack.swift in Sources */ = {isa = PBXBuildFile; fileRef = F36D357C2B999BFB0079CA43 /* CoreDataStack.swift */; };
		F3B7BC7B2B85026200A20EBB /* SchedulePresenter.swift in Sources */ = {isa = PBXBuildFile; fileRef = F3B7BC7A2B85026200A20EBB /* SchedulePresenter.swift */; };
		F3B7BC7D2B85028500A20EBB /* ScheduleViewController.swift in Sources */ = {isa = PBXBuildFile; fileRef = F3B7BC7C2B85028500A20EBB /* ScheduleViewController.swift */; };
		F3B7BC7F2B85028F00A20EBB /* ScheduleScreenModel.swift in Sources */ = {isa = PBXBuildFile; fileRef = F3B7BC7E2B85028F00A20EBB /* ScheduleScreenModel.swift */; };
		F3B7BC812B8503A200A20EBB /* SwitchCell.swift in Sources */ = {isa = PBXBuildFile; fileRef = F3B7BC802B8503A200A20EBB /* SwitchCell.swift */; };
		F3B7BC832B85DAF400A20EBB /* LabledCell.swift in Sources */ = {isa = PBXBuildFile; fileRef = F3B7BC822B85DAF400A20EBB /* LabledCell.swift */; };
		F3C3476F2B766F1700AF9272 /* AppDelegate.swift in Sources */ = {isa = PBXBuildFile; fileRef = F3C3476E2B766F1700AF9272 /* AppDelegate.swift */; };
		F3C347712B766F1700AF9272 /* SceneDelegate.swift in Sources */ = {isa = PBXBuildFile; fileRef = F3C347702B766F1700AF9272 /* SceneDelegate.swift */; };
		F3C347782B766F1800AF9272 /* Assets.xcassets in Resources */ = {isa = PBXBuildFile; fileRef = F3C347772B766F1800AF9272 /* Assets.xcassets */; };
		F3C3477B2B766F1800AF9272 /* LaunchScreen.storyboard in Resources */ = {isa = PBXBuildFile; fileRef = F3C347792B766F1800AF9272 /* LaunchScreen.storyboard */; };
		F3C347832B7673C300AF9272 /* Assets.swift in Sources */ = {isa = PBXBuildFile; fileRef = F3C347822B7673C300AF9272 /* Assets.swift */; };
		F3C347872B76758300AF9272 /* TrackersViewController.swift in Sources */ = {isa = PBXBuildFile; fileRef = F3C347862B76758300AF9272 /* TrackersViewController.swift */; };
		F3C347892B76759200AF9272 /* TrackersPresenter.swift in Sources */ = {isa = PBXBuildFile; fileRef = F3C347882B76759200AF9272 /* TrackersPresenter.swift */; };
		F3C3478D2B7675B700AF9272 /* TrackersScreenModel.swift in Sources */ = {isa = PBXBuildFile; fileRef = F3C3478C2B7675B700AF9272 /* TrackersScreenModel.swift */; };
		F3C347912B7677D500AF9272 /* Assembler.swift in Sources */ = {isa = PBXBuildFile; fileRef = F3C347902B7677D500AF9272 /* Assembler.swift */; };
		F3C347942B7679E200AF9272 /* StatisticViewController.swift in Sources */ = {isa = PBXBuildFile; fileRef = F3C347932B7679E200AF9272 /* StatisticViewController.swift */; };
		F3C347962B767A2300AF9272 /* StatisticPresenter.swift in Sources */ = {isa = PBXBuildFile; fileRef = F3C347952B767A2300AF9272 /* StatisticPresenter.swift */; };
		F3C347992B77A6F300AF9272 /* BackgroundView.swift in Sources */ = {isa = PBXBuildFile; fileRef = F3C347982B77A6F300AF9272 /* BackgroundView.swift */; };
		F3C347A12B77C91400AF9272 /* Tracker.swift in Sources */ = {isa = PBXBuildFile; fileRef = F3C347A02B77C91400AF9272 /* Tracker.swift */; };
		F3C347A32B77C92700AF9272 /* TrackerCategory.swift in Sources */ = {isa = PBXBuildFile; fileRef = F3C347A22B77C92700AF9272 /* TrackerCategory.swift */; };
		F3C347A52B77C93400AF9272 /* TrackerRecord.swift in Sources */ = {isa = PBXBuildFile; fileRef = F3C347A42B77C93400AF9272 /* TrackerRecord.swift */; };
		F3C347A82B7901FB00AF9272 /* TrackerCollectionViewCell.swift in Sources */ = {isa = PBXBuildFile; fileRef = F3C347A62B7901FB00AF9272 /* TrackerCollectionViewCell.swift */; };
		F3C347A92B7901FB00AF9272 /* TrackerCollectionViewCell.xib in Resources */ = {isa = PBXBuildFile; fileRef = F3C347A72B7901FB00AF9272 /* TrackerCollectionViewCell.xib */; };
		F3DA2A6F2B8F1D0300B8CCD1 /* YS-Display-Medium in Resources */ = {isa = PBXBuildFile; fileRef = F3DA2A6D2B8F1D0300B8CCD1 /* YS-Display-Medium */; };
		F3DA2A702B8F1D0300B8CCD1 /* YS-Display-Bold in Resources */ = {isa = PBXBuildFile; fileRef = F3DA2A6E2B8F1D0300B8CCD1 /* YS-Display-Bold */; };
		F3E71CB22B94C14600D91AA5 /* TrackersRouter.swift in Sources */ = {isa = PBXBuildFile; fileRef = F3E71CB12B94C14600D91AA5 /* TrackersRouter.swift */; };
		F3E71CB42B94C71600D91AA5 /* CreateTrackerRouter.swift in Sources */ = {isa = PBXBuildFile; fileRef = F3E71CB32B94C71600D91AA5 /* CreateTrackerRouter.swift */; };
		F3E71CB62B94CBAC00D91AA5 /* CreateActivityRouter.swift in Sources */ = {isa = PBXBuildFile; fileRef = F3E71CB52B94CBAC00D91AA5 /* CreateActivityRouter.swift */; };
		F3E71CB92B986DB000D91AA5 /* TrackersDBModel.xcdatamodeld in Sources */ = {isa = PBXBuildFile; fileRef = F3E71CB72B986DB000D91AA5 /* TrackersDBModel.xcdatamodeld */; };
/* End PBXBuildFile section */

/* Begin PBXFileReference section */
		F33895FA2B7A5C9D008A8773 /* SupplementaryView.swift */ = {isa = PBXFileReference; lastKnownFileType = sourcecode.swift; path = SupplementaryView.swift; sourceTree = "<group>"; };
		F33BDAFE2B837D41004AFF8D /* CreateActivityPresenter.swift */ = {isa = PBXFileReference; lastKnownFileType = sourcecode.swift; path = CreateActivityPresenter.swift; sourceTree = "<group>"; };
		F33BDB002B837DC7004AFF8D /* CreateActivityViewController.swift */ = {isa = PBXFileReference; lastKnownFileType = sourcecode.swift; path = CreateActivityViewController.swift; sourceTree = "<group>"; };
		F33BDB022B837F0E004AFF8D /* CreateActivityScreenModel.swift */ = {isa = PBXFileReference; lastKnownFileType = sourcecode.swift; path = CreateActivityScreenModel.swift; sourceTree = "<group>"; };
		F33BDB042B8384B5004AFF8D /* TextFieldCell.swift */ = {isa = PBXFileReference; lastKnownFileType = sourcecode.swift; path = TextFieldCell.swift; sourceTree = "<group>"; };
		F33BDB062B838A20004AFF8D /* SubtitledDetailTableViewCell.swift */ = {isa = PBXFileReference; lastKnownFileType = sourcecode.swift; path = SubtitledDetailTableViewCell.swift; sourceTree = "<group>"; };
		F33BDB0A2B84846B004AFF8D /* ColorCell.swift */ = {isa = PBXFileReference; lastKnownFileType = sourcecode.swift; path = ColorCell.swift; sourceTree = "<group>"; };
		F33BDB0C2B84848C004AFF8D /* EmojiCell.swift */ = {isa = PBXFileReference; lastKnownFileType = sourcecode.swift; path = EmojiCell.swift; sourceTree = "<group>"; };
		F33BDB0E2B8497EB004AFF8D /* EmojiTableViewCell.swift */ = {isa = PBXFileReference; lastKnownFileType = sourcecode.swift; path = EmojiTableViewCell.swift; sourceTree = "<group>"; };
		F33BDB102B84CD5D004AFF8D /* ColorTableViewCell.swift */ = {isa = PBXFileReference; lastKnownFileType = sourcecode.swift; path = ColorTableViewCell.swift; sourceTree = "<group>"; };
		F33BDB132B84D299004AFF8D /* HeaderView.swift */ = {isa = PBXFileReference; lastKnownFileType = sourcecode.swift; path = HeaderView.swift; sourceTree = "<group>"; };
		F34D6D972B99E630009424C1 /* TrackerStore.swift */ = {isa = PBXFileReference; lastKnownFileType = sourcecode.swift; path = TrackerStore.swift; sourceTree = "<group>"; };
		F34D6D992B99E640009424C1 /* TrackerCategoryStore.swift */ = {isa = PBXFileReference; lastKnownFileType = sourcecode.swift; path = TrackerCategoryStore.swift; sourceTree = "<group>"; };
		F34D6D9B2B99E64A009424C1 /* TrackerRecordStore.swift */ = {isa = PBXFileReference; lastKnownFileType = sourcecode.swift; path = TrackerRecordStore.swift; sourceTree = "<group>"; };
		F34EDF192B7CF4CB002563C9 /* CreateTrackerViewController.swift */ = {isa = PBXFileReference; lastKnownFileType = sourcecode.swift; path = CreateTrackerViewController.swift; sourceTree = "<group>"; };
		F34EDF1C2B7CF503002563C9 /* CreateTrackerScreenModel.swift */ = {isa = PBXFileReference; lastKnownFileType = sourcecode.swift; path = CreateTrackerScreenModel.swift; sourceTree = "<group>"; };
		F34EDF1E2B7CF51E002563C9 /* CreateTrackerPresenter.swift */ = {isa = PBXFileReference; lastKnownFileType = sourcecode.swift; path = CreateTrackerPresenter.swift; sourceTree = "<group>"; };
		F36D357C2B999BFB0079CA43 /* CoreDataStack.swift */ = {isa = PBXFileReference; lastKnownFileType = sourcecode.swift; path = CoreDataStack.swift; sourceTree = "<group>"; };
		F3B7BC7A2B85026200A20EBB /* SchedulePresenter.swift */ = {isa = PBXFileReference; lastKnownFileType = sourcecode.swift; path = SchedulePresenter.swift; sourceTree = "<group>"; };
		F3B7BC7C2B85028500A20EBB /* ScheduleViewController.swift */ = {isa = PBXFileReference; lastKnownFileType = sourcecode.swift; path = ScheduleViewController.swift; sourceTree = "<group>"; };
		F3B7BC7E2B85028F00A20EBB /* ScheduleScreenModel.swift */ = {isa = PBXFileReference; lastKnownFileType = sourcecode.swift; path = ScheduleScreenModel.swift; sourceTree = "<group>"; };
		F3B7BC802B8503A200A20EBB /* SwitchCell.swift */ = {isa = PBXFileReference; lastKnownFileType = sourcecode.swift; path = SwitchCell.swift; sourceTree = "<group>"; };
		F3B7BC822B85DAF400A20EBB /* LabledCell.swift */ = {isa = PBXFileReference; lastKnownFileType = sourcecode.swift; path = LabledCell.swift; sourceTree = "<group>"; };
		F3C3476B2B766F1700AF9272 /* Tracker.app */ = {isa = PBXFileReference; explicitFileType = wrapper.application; includeInIndex = 0; path = Tracker.app; sourceTree = BUILT_PRODUCTS_DIR; };
		F3C3476E2B766F1700AF9272 /* AppDelegate.swift */ = {isa = PBXFileReference; lastKnownFileType = sourcecode.swift; path = AppDelegate.swift; sourceTree = "<group>"; };
		F3C347702B766F1700AF9272 /* SceneDelegate.swift */ = {isa = PBXFileReference; lastKnownFileType = sourcecode.swift; path = SceneDelegate.swift; sourceTree = "<group>"; };
		F3C347772B766F1800AF9272 /* Assets.xcassets */ = {isa = PBXFileReference; lastKnownFileType = folder.assetcatalog; path = Assets.xcassets; sourceTree = "<group>"; };
		F3C3477A2B766F1800AF9272 /* Base */ = {isa = PBXFileReference; lastKnownFileType = file.storyboard; name = Base; path = Base.lproj/LaunchScreen.storyboard; sourceTree = "<group>"; };
		F3C3477C2B766F1800AF9272 /* Info.plist */ = {isa = PBXFileReference; lastKnownFileType = text.plist.xml; path = Info.plist; sourceTree = "<group>"; };
		F3C347822B7673C300AF9272 /* Assets.swift */ = {isa = PBXFileReference; lastKnownFileType = sourcecode.swift; path = Assets.swift; sourceTree = "<group>"; };
		F3C347862B76758300AF9272 /* TrackersViewController.swift */ = {isa = PBXFileReference; lastKnownFileType = sourcecode.swift; path = TrackersViewController.swift; sourceTree = "<group>"; };
		F3C347882B76759200AF9272 /* TrackersPresenter.swift */ = {isa = PBXFileReference; lastKnownFileType = sourcecode.swift; path = TrackersPresenter.swift; sourceTree = "<group>"; };
		F3C3478C2B7675B700AF9272 /* TrackersScreenModel.swift */ = {isa = PBXFileReference; lastKnownFileType = sourcecode.swift; path = TrackersScreenModel.swift; sourceTree = "<group>"; };
		F3C347902B7677D500AF9272 /* Assembler.swift */ = {isa = PBXFileReference; lastKnownFileType = sourcecode.swift; path = Assembler.swift; sourceTree = "<group>"; };
		F3C347932B7679E200AF9272 /* StatisticViewController.swift */ = {isa = PBXFileReference; lastKnownFileType = sourcecode.swift; path = StatisticViewController.swift; sourceTree = "<group>"; };
		F3C347952B767A2300AF9272 /* StatisticPresenter.swift */ = {isa = PBXFileReference; lastKnownFileType = sourcecode.swift; path = StatisticPresenter.swift; sourceTree = "<group>"; };
		F3C347982B77A6F300AF9272 /* BackgroundView.swift */ = {isa = PBXFileReference; lastKnownFileType = sourcecode.swift; path = BackgroundView.swift; sourceTree = "<group>"; };
		F3C347A02B77C91400AF9272 /* Tracker.swift */ = {isa = PBXFileReference; lastKnownFileType = sourcecode.swift; path = Tracker.swift; sourceTree = "<group>"; };
		F3C347A22B77C92700AF9272 /* TrackerCategory.swift */ = {isa = PBXFileReference; lastKnownFileType = sourcecode.swift; path = TrackerCategory.swift; sourceTree = "<group>"; };
		F3C347A42B77C93400AF9272 /* TrackerRecord.swift */ = {isa = PBXFileReference; lastKnownFileType = sourcecode.swift; path = TrackerRecord.swift; sourceTree = "<group>"; };
		F3C347A62B7901FB00AF9272 /* TrackerCollectionViewCell.swift */ = {isa = PBXFileReference; lastKnownFileType = sourcecode.swift; path = TrackerCollectionViewCell.swift; sourceTree = "<group>"; };
		F3C347A72B7901FB00AF9272 /* TrackerCollectionViewCell.xib */ = {isa = PBXFileReference; lastKnownFileType = file.xib; path = TrackerCollectionViewCell.xib; sourceTree = "<group>"; };
		F3DA2A6D2B8F1D0300B8CCD1 /* YS-Display-Medium */ = {isa = PBXFileReference; lastKnownFileType = file; path = "YS-Display-Medium"; sourceTree = "<group>"; };
		F3DA2A6E2B8F1D0300B8CCD1 /* YS-Display-Bold */ = {isa = PBXFileReference; lastKnownFileType = file; path = "YS-Display-Bold"; sourceTree = "<group>"; };
		F3E71CB12B94C14600D91AA5 /* TrackersRouter.swift */ = {isa = PBXFileReference; lastKnownFileType = sourcecode.swift; path = TrackersRouter.swift; sourceTree = "<group>"; };
		F3E71CB32B94C71600D91AA5 /* CreateTrackerRouter.swift */ = {isa = PBXFileReference; lastKnownFileType = sourcecode.swift; path = CreateTrackerRouter.swift; sourceTree = "<group>"; };
		F3E71CB52B94CBAC00D91AA5 /* CreateActivityRouter.swift */ = {isa = PBXFileReference; lastKnownFileType = sourcecode.swift; path = CreateActivityRouter.swift; sourceTree = "<group>"; };
		F3E71CB82B986DB000D91AA5 /* TrackersDataBase.xcdatamodel */ = {isa = PBXFileReference; lastKnownFileType = wrapper.xcdatamodel; path = TrackersDataBase.xcdatamodel; sourceTree = "<group>"; };
/* End PBXFileReference section */

/* Begin PBXFrameworksBuildPhase section */
		F3C347682B766F1700AF9272 /* Frameworks */ = {
			isa = PBXFrameworksBuildPhase;
			buildActionMask = 2147483647;
			files = (
			);
			runOnlyForDeploymentPostprocessing = 0;
		};
/* End PBXFrameworksBuildPhase section */

/* Begin PBXGroup section */
		F33BDAFD2B837D2A004AFF8D /* CreateActivity */ = {
			isa = PBXGroup;
			children = (
				F33BDAFE2B837D41004AFF8D /* CreateActivityPresenter.swift */,
				F33BDB002B837DC7004AFF8D /* CreateActivityViewController.swift */,
				F33BDB022B837F0E004AFF8D /* CreateActivityScreenModel.swift */,
				F3E71CB52B94CBAC00D91AA5 /* CreateActivityRouter.swift */,
			);
			path = CreateActivity;
			sourceTree = "<group>";
		};
		F33BDB122B84D28C004AFF8D /* Header */ = {
			isa = PBXGroup;
			children = (
				F33895FA2B7A5C9D008A8773 /* SupplementaryView.swift */,
				F33BDB132B84D299004AFF8D /* HeaderView.swift */,
			);
			path = Header;
			sourceTree = "<group>";
		};
		F34D6D952B99E5F1009424C1 /* CoreData */ = {
			isa = PBXGroup;
			children = (
				F34D6D962B99E61E009424C1 /* Models */,
				F36D357C2B999BFB0079CA43 /* CoreDataStack.swift */,
			);
			path = CoreData;
			sourceTree = "<group>";
		};
		F34D6D962B99E61E009424C1 /* Models */ = {
			isa = PBXGroup;
			children = (
				F34D6D972B99E630009424C1 /* TrackerStore.swift */,
				F34D6D992B99E640009424C1 /* TrackerCategoryStore.swift */,
				F34D6D9B2B99E64A009424C1 /* TrackerRecordStore.swift */,
			);
			path = Models;
			sourceTree = "<group>";
		};
		F34EDF1B2B7CF4D1002563C9 /* CreateTracker */ = {
			isa = PBXGroup;
			children = (
				F34EDF192B7CF4CB002563C9 /* CreateTrackerViewController.swift */,
				F34EDF1C2B7CF503002563C9 /* CreateTrackerScreenModel.swift */,
				F34EDF1E2B7CF51E002563C9 /* CreateTrackerPresenter.swift */,
				F3E71CB32B94C71600D91AA5 /* CreateTrackerRouter.swift */,
			);
			path = CreateTracker;
			sourceTree = "<group>";
		};
		F3B7BC792B85024E00A20EBB /* Schedule */ = {
			isa = PBXGroup;
			children = (
				F3B7BC7A2B85026200A20EBB /* SchedulePresenter.swift */,
				F3B7BC7C2B85028500A20EBB /* ScheduleViewController.swift */,
				F3B7BC7E2B85028F00A20EBB /* ScheduleScreenModel.swift */,
			);
			path = Schedule;
			sourceTree = "<group>";
		};
		F3C347622B766F1700AF9272 = {
			isa = PBXGroup;
			children = (
				F3C3476D2B766F1700AF9272 /* Tracker */,
				F3C3476C2B766F1700AF9272 /* Products */,
			);
			sourceTree = "<group>";
		};
		F3C3476C2B766F1700AF9272 /* Products */ = {
			isa = PBXGroup;
			children = (
				F3C3476B2B766F1700AF9272 /* Tracker.app */,
			);
			name = Products;
			sourceTree = "<group>";
		};
		F3C3476D2B766F1700AF9272 /* Tracker */ = {
			isa = PBXGroup;
			children = (
				F34D6D952B99E5F1009424C1 /* CoreData */,
				F3C3479F2B77C90500AF9272 /* Models */,
				F3C347842B76754200AF9272 /* Controllers */,
				F3C347972B77A6E100AF9272 /* View */,
				F3C3478F2B7677CA00AF9272 /* Helpers */,
				F3C3478E2B7677BE00AF9272 /* Services */,
				F3C3479A2B77BB9D00AF9272 /* Resources */,
				F3C3476E2B766F1700AF9272 /* AppDelegate.swift */,
				F3C347702B766F1700AF9272 /* SceneDelegate.swift */,
				F3C347772B766F1800AF9272 /* Assets.xcassets */,
				F3C347792B766F1800AF9272 /* LaunchScreen.storyboard */,
				F3C3477C2B766F1800AF9272 /* Info.plist */,
				F3C347822B7673C300AF9272 /* Assets.swift */,
				F3E71CB72B986DB000D91AA5 /* TrackersDBModel.xcdatamodeld */,
			);
			path = Tracker;
			sourceTree = "<group>";
		};
		F3C347842B76754200AF9272 /* Controllers */ = {
			isa = PBXGroup;
			children = (
				F3B7BC792B85024E00A20EBB /* Schedule */,
				F33BDAFD2B837D2A004AFF8D /* CreateActivity */,
				F34EDF1B2B7CF4D1002563C9 /* CreateTracker */,
				F3C347922B7679D100AF9272 /* Statistic */,
				F3C347852B76755F00AF9272 /* Trackers */,
			);
			path = Controllers;
			sourceTree = "<group>";
		};
		F3C347852B76755F00AF9272 /* Trackers */ = {
			isa = PBXGroup;
			children = (
				F3C347862B76758300AF9272 /* TrackersViewController.swift */,
				F3C347882B76759200AF9272 /* TrackersPresenter.swift */,
				F3C3478C2B7675B700AF9272 /* TrackersScreenModel.swift */,
				F3E71CB12B94C14600D91AA5 /* TrackersRouter.swift */,
			);
			path = Trackers;
			sourceTree = "<group>";
		};
		F3C3478E2B7677BE00AF9272 /* Services */ = {
			isa = PBXGroup;
			children = (
			);
			path = Services;
			sourceTree = "<group>";
		};
		F3C3478F2B7677CA00AF9272 /* Helpers */ = {
			isa = PBXGroup;
			children = (
				F3C347902B7677D500AF9272 /* Assembler.swift */,
			);
			path = Helpers;
			sourceTree = "<group>";
		};
		F3C347922B7679D100AF9272 /* Statistic */ = {
			isa = PBXGroup;
			children = (
				F3C347932B7679E200AF9272 /* StatisticViewController.swift */,
				F3C347952B767A2300AF9272 /* StatisticPresenter.swift */,
			);
			path = Statistic;
			sourceTree = "<group>";
		};
		F3C347972B77A6E100AF9272 /* View */ = {
			isa = PBXGroup;
			children = (
				F33BDB122B84D28C004AFF8D /* Header */,
				F3C347AA2B7901FF00AF9272 /* Cells */,
				F3C347982B77A6F300AF9272 /* BackgroundView.swift */,
			);
			path = View;
			sourceTree = "<group>";
		};
		F3C3479A2B77BB9D00AF9272 /* Resources */ = {
			isa = PBXGroup;
			children = (
				F3DA2A6E2B8F1D0300B8CCD1 /* YS-Display-Bold */,
				F3DA2A6D2B8F1D0300B8CCD1 /* YS-Display-Medium */,
			);
			path = Resources;
			sourceTree = "<group>";
		};
		F3C3479F2B77C90500AF9272 /* Models */ = {
			isa = PBXGroup;
			children = (
				F3C347A02B77C91400AF9272 /* Tracker.swift */,
				F3C347A22B77C92700AF9272 /* TrackerCategory.swift */,
				F3C347A42B77C93400AF9272 /* TrackerRecord.swift */,
			);
			path = Models;
			sourceTree = "<group>";
		};
		F3C347AA2B7901FF00AF9272 /* Cells */ = {
			isa = PBXGroup;
			children = (
				F3C347A62B7901FB00AF9272 /* TrackerCollectionViewCell.swift */,
				F3C347A72B7901FB00AF9272 /* TrackerCollectionViewCell.xib */,
				F33BDB042B8384B5004AFF8D /* TextFieldCell.swift */,
				F33BDB062B838A20004AFF8D /* SubtitledDetailTableViewCell.swift */,
				F33BDB0A2B84846B004AFF8D /* ColorCell.swift */,
				F33BDB0C2B84848C004AFF8D /* EmojiCell.swift */,
				F33BDB0E2B8497EB004AFF8D /* EmojiTableViewCell.swift */,
				F33BDB102B84CD5D004AFF8D /* ColorTableViewCell.swift */,
				F3B7BC802B8503A200A20EBB /* SwitchCell.swift */,
				F3B7BC822B85DAF400A20EBB /* LabledCell.swift */,
			);
			path = Cells;
			sourceTree = "<group>";
		};
/* End PBXGroup section */

/* Begin PBXNativeTarget section */
		F3C3476A2B766F1700AF9272 /* Tracker */ = {
			isa = PBXNativeTarget;
			buildConfigurationList = F3C3477F2B766F1800AF9272 /* Build configuration list for PBXNativeTarget "Tracker" */;
			buildPhases = (
				F3C347672B766F1700AF9272 /* Sources */,
				F3C347682B766F1700AF9272 /* Frameworks */,
				F3C347692B766F1700AF9272 /* Resources */,
			);
			buildRules = (
			);
			dependencies = (
			);
			name = Tracker;
			productName = Tracker;
			productReference = F3C3476B2B766F1700AF9272 /* Tracker.app */;
			productType = "com.apple.product-type.application";
		};
/* End PBXNativeTarget section */

/* Begin PBXProject section */
		F3C347632B766F1700AF9272 /* Project object */ = {
			isa = PBXProject;
			attributes = {
				BuildIndependentTargetsInParallel = 1;
				LastSwiftUpdateCheck = 1510;
				LastUpgradeCheck = 1510;
				TargetAttributes = {
					F3C3476A2B766F1700AF9272 = {
						CreatedOnToolsVersion = 15.1;
					};
				};
			};
			buildConfigurationList = F3C347662B766F1700AF9272 /* Build configuration list for PBXProject "Tracker" */;
			compatibilityVersion = "Xcode 14.0";
			developmentRegion = en;
			hasScannedForEncodings = 0;
			knownRegions = (
				en,
				Base,
			);
			mainGroup = F3C347622B766F1700AF9272;
			productRefGroup = F3C3476C2B766F1700AF9272 /* Products */;
			projectDirPath = "";
			projectRoot = "";
			targets = (
				F3C3476A2B766F1700AF9272 /* Tracker */,
			);
		};
/* End PBXProject section */

/* Begin PBXResourcesBuildPhase section */
		F3C347692B766F1700AF9272 /* Resources */ = {
			isa = PBXResourcesBuildPhase;
			buildActionMask = 2147483647;
			files = (
				F3C3477B2B766F1800AF9272 /* LaunchScreen.storyboard in Resources */,
				F3C347782B766F1800AF9272 /* Assets.xcassets in Resources */,
				F3DA2A702B8F1D0300B8CCD1 /* YS-Display-Bold in Resources */,
				F3DA2A6F2B8F1D0300B8CCD1 /* YS-Display-Medium in Resources */,
				F3C347A92B7901FB00AF9272 /* TrackerCollectionViewCell.xib in Resources */,
			);
			runOnlyForDeploymentPostprocessing = 0;
		};
/* End PBXResourcesBuildPhase section */

/* Begin PBXSourcesBuildPhase section */
		F3C347672B766F1700AF9272 /* Sources */ = {
			isa = PBXSourcesBuildPhase;
			buildActionMask = 2147483647;
			files = (
				F3C347A52B77C93400AF9272 /* TrackerRecord.swift in Sources */,
				F33BDB032B837F0E004AFF8D /* CreateActivityScreenModel.swift in Sources */,
				F34EDF1F2B7CF51E002563C9 /* CreateTrackerPresenter.swift in Sources */,
				F34EDF1A2B7CF4CB002563C9 /* CreateTrackerViewController.swift in Sources */,
				F3C347992B77A6F300AF9272 /* BackgroundView.swift in Sources */,
				F3B7BC7B2B85026200A20EBB /* SchedulePresenter.swift in Sources */,
				F3B7BC832B85DAF400A20EBB /* LabledCell.swift in Sources */,
				F3B7BC7F2B85028F00A20EBB /* ScheduleScreenModel.swift in Sources */,
				F3C3476F2B766F1700AF9272 /* AppDelegate.swift in Sources */,
				F33BDB0F2B8497EB004AFF8D /* EmojiTableViewCell.swift in Sources */,
				F3C347872B76758300AF9272 /* TrackersViewController.swift in Sources */,
				F34D6D982B99E630009424C1 /* TrackerStore.swift in Sources */,
				F33BDAFF2B837D41004AFF8D /* CreateActivityPresenter.swift in Sources */,
				F3C347832B7673C300AF9272 /* Assets.swift in Sources */,
				F3E71CB22B94C14600D91AA5 /* TrackersRouter.swift in Sources */,
				F34EDF1D2B7CF503002563C9 /* CreateTrackerScreenModel.swift in Sources */,
				F33BDB012B837DC7004AFF8D /* CreateActivityViewController.swift in Sources */,
				F3C347A82B7901FB00AF9272 /* TrackerCollectionViewCell.swift in Sources */,
				F33BDB072B838A20004AFF8D /* SubtitledDetailTableViewCell.swift in Sources */,
				F3B7BC7D2B85028500A20EBB /* ScheduleViewController.swift in Sources */,
				F3C3478D2B7675B700AF9272 /* TrackersScreenModel.swift in Sources */,
				F33BDB052B8384B5004AFF8D /* TextFieldCell.swift in Sources */,
				F3E71CB92B986DB000D91AA5 /* TrackersDBModel.xcdatamodeld in Sources */,
				F3E71CB42B94C71600D91AA5 /* CreateTrackerRouter.swift in Sources */,
				F3C347712B766F1700AF9272 /* SceneDelegate.swift in Sources */,
				F3C347A32B77C92700AF9272 /* TrackerCategory.swift in Sources */,
				F3C347A12B77C91400AF9272 /* Tracker.swift in Sources */,
				F3C347942B7679E200AF9272 /* StatisticViewController.swift in Sources */,
				F36D357D2B999BFB0079CA43 /* CoreDataStack.swift in Sources */,
				F3C347892B76759200AF9272 /* TrackersPresenter.swift in Sources */,
				F3E71CB62B94CBAC00D91AA5 /* CreateActivityRouter.swift in Sources */,
				F34D6D9C2B99E64A009424C1 /* TrackerRecordStore.swift in Sources */,
				F33895FB2B7A5C9D008A8773 /* SupplementaryView.swift in Sources */,
				F3C347912B7677D500AF9272 /* Assembler.swift in Sources */,
				F33BDB112B84CD5D004AFF8D /* ColorTableViewCell.swift in Sources */,
				F33BDB0B2B84846B004AFF8D /* ColorCell.swift in Sources */,
				F33BDB0D2B84848C004AFF8D /* EmojiCell.swift in Sources */,
				F34D6D9A2B99E641009424C1 /* TrackerCategoryStore.swift in Sources */,
				F3B7BC812B8503A200A20EBB /* SwitchCell.swift in Sources */,
				F3C347962B767A2300AF9272 /* StatisticPresenter.swift in Sources */,
				F33BDB142B84D299004AFF8D /* HeaderView.swift in Sources */,
			);
			runOnlyForDeploymentPostprocessing = 0;
		};
/* End PBXSourcesBuildPhase section */

/* Begin PBXVariantGroup section */
		F3C347792B766F1800AF9272 /* LaunchScreen.storyboard */ = {
			isa = PBXVariantGroup;
			children = (
				F3C3477A2B766F1800AF9272 /* Base */,
			);
			name = LaunchScreen.storyboard;
			sourceTree = "<group>";
		};
/* End PBXVariantGroup section */

/* Begin XCBuildConfiguration section */
		F3C3477D2B766F1800AF9272 /* Debug */ = {
			isa = XCBuildConfiguration;
			buildSettings = {
				ALWAYS_SEARCH_USER_PATHS = NO;
				ASSETCATALOG_COMPILER_GENERATE_SWIFT_ASSET_SYMBOL_EXTENSIONS = YES;
				CLANG_ANALYZER_NONNULL = YES;
				CLANG_ANALYZER_NUMBER_OBJECT_CONVERSION = YES_AGGRESSIVE;
				CLANG_CXX_LANGUAGE_STANDARD = "gnu++20";
				CLANG_ENABLE_MODULES = YES;
				CLANG_ENABLE_OBJC_ARC = YES;
				CLANG_ENABLE_OBJC_WEAK = YES;
				CLANG_WARN_BLOCK_CAPTURE_AUTORELEASING = YES;
				CLANG_WARN_BOOL_CONVERSION = YES;
				CLANG_WARN_COMMA = YES;
				CLANG_WARN_CONSTANT_CONVERSION = YES;
				CLANG_WARN_DEPRECATED_OBJC_IMPLEMENTATIONS = YES;
				CLANG_WARN_DIRECT_OBJC_ISA_USAGE = YES_ERROR;
				CLANG_WARN_DOCUMENTATION_COMMENTS = YES;
				CLANG_WARN_EMPTY_BODY = YES;
				CLANG_WARN_ENUM_CONVERSION = YES;
				CLANG_WARN_INFINITE_RECURSION = YES;
				CLANG_WARN_INT_CONVERSION = YES;
				CLANG_WARN_NON_LITERAL_NULL_CONVERSION = YES;
				CLANG_WARN_OBJC_IMPLICIT_RETAIN_SELF = YES;
				CLANG_WARN_OBJC_LITERAL_CONVERSION = YES;
				CLANG_WARN_OBJC_ROOT_CLASS = YES_ERROR;
				CLANG_WARN_QUOTED_INCLUDE_IN_FRAMEWORK_HEADER = YES;
				CLANG_WARN_RANGE_LOOP_ANALYSIS = YES;
				CLANG_WARN_STRICT_PROTOTYPES = YES;
				CLANG_WARN_SUSPICIOUS_MOVE = YES;
				CLANG_WARN_UNGUARDED_AVAILABILITY = YES_AGGRESSIVE;
				CLANG_WARN_UNREACHABLE_CODE = YES;
				CLANG_WARN__DUPLICATE_METHOD_MATCH = YES;
				COPY_PHASE_STRIP = NO;
				DEBUG_INFORMATION_FORMAT = dwarf;
				ENABLE_STRICT_OBJC_MSGSEND = YES;
				ENABLE_TESTABILITY = YES;
				ENABLE_USER_SCRIPT_SANDBOXING = YES;
				GCC_C_LANGUAGE_STANDARD = gnu17;
				GCC_DYNAMIC_NO_PIC = NO;
				GCC_NO_COMMON_BLOCKS = YES;
				GCC_OPTIMIZATION_LEVEL = 0;
				GCC_PREPROCESSOR_DEFINITIONS = (
					"DEBUG=1",
					"$(inherited)",
				);
				GCC_WARN_64_TO_32_BIT_CONVERSION = YES;
				GCC_WARN_ABOUT_RETURN_TYPE = YES_ERROR;
				GCC_WARN_UNDECLARED_SELECTOR = YES;
				GCC_WARN_UNINITIALIZED_AUTOS = YES_AGGRESSIVE;
				GCC_WARN_UNUSED_FUNCTION = YES;
				GCC_WARN_UNUSED_VARIABLE = YES;
				IPHONEOS_DEPLOYMENT_TARGET = 17.2;
				LOCALIZATION_PREFERS_STRING_CATALOGS = YES;
				MTL_ENABLE_DEBUG_INFO = INCLUDE_SOURCE;
				MTL_FAST_MATH = YES;
				ONLY_ACTIVE_ARCH = YES;
				SDKROOT = iphoneos;
				SWIFT_ACTIVE_COMPILATION_CONDITIONS = "DEBUG $(inherited)";
				SWIFT_OPTIMIZATION_LEVEL = "-Onone";
			};
			name = Debug;
		};
		F3C3477E2B766F1800AF9272 /* Release */ = {
			isa = XCBuildConfiguration;
			buildSettings = {
				ALWAYS_SEARCH_USER_PATHS = NO;
				ASSETCATALOG_COMPILER_GENERATE_SWIFT_ASSET_SYMBOL_EXTENSIONS = YES;
				CLANG_ANALYZER_NONNULL = YES;
				CLANG_ANALYZER_NUMBER_OBJECT_CONVERSION = YES_AGGRESSIVE;
				CLANG_CXX_LANGUAGE_STANDARD = "gnu++20";
				CLANG_ENABLE_MODULES = YES;
				CLANG_ENABLE_OBJC_ARC = YES;
				CLANG_ENABLE_OBJC_WEAK = YES;
				CLANG_WARN_BLOCK_CAPTURE_AUTORELEASING = YES;
				CLANG_WARN_BOOL_CONVERSION = YES;
				CLANG_WARN_COMMA = YES;
				CLANG_WARN_CONSTANT_CONVERSION = YES;
				CLANG_WARN_DEPRECATED_OBJC_IMPLEMENTATIONS = YES;
				CLANG_WARN_DIRECT_OBJC_ISA_USAGE = YES_ERROR;
				CLANG_WARN_DOCUMENTATION_COMMENTS = YES;
				CLANG_WARN_EMPTY_BODY = YES;
				CLANG_WARN_ENUM_CONVERSION = YES;
				CLANG_WARN_INFINITE_RECURSION = YES;
				CLANG_WARN_INT_CONVERSION = YES;
				CLANG_WARN_NON_LITERAL_NULL_CONVERSION = YES;
				CLANG_WARN_OBJC_IMPLICIT_RETAIN_SELF = YES;
				CLANG_WARN_OBJC_LITERAL_CONVERSION = YES;
				CLANG_WARN_OBJC_ROOT_CLASS = YES_ERROR;
				CLANG_WARN_QUOTED_INCLUDE_IN_FRAMEWORK_HEADER = YES;
				CLANG_WARN_RANGE_LOOP_ANALYSIS = YES;
				CLANG_WARN_STRICT_PROTOTYPES = YES;
				CLANG_WARN_SUSPICIOUS_MOVE = YES;
				CLANG_WARN_UNGUARDED_AVAILABILITY = YES_AGGRESSIVE;
				CLANG_WARN_UNREACHABLE_CODE = YES;
				CLANG_WARN__DUPLICATE_METHOD_MATCH = YES;
				COPY_PHASE_STRIP = NO;
				DEBUG_INFORMATION_FORMAT = "dwarf-with-dsym";
				ENABLE_NS_ASSERTIONS = NO;
				ENABLE_STRICT_OBJC_MSGSEND = YES;
				ENABLE_USER_SCRIPT_SANDBOXING = YES;
				GCC_C_LANGUAGE_STANDARD = gnu17;
				GCC_NO_COMMON_BLOCKS = YES;
				GCC_WARN_64_TO_32_BIT_CONVERSION = YES;
				GCC_WARN_ABOUT_RETURN_TYPE = YES_ERROR;
				GCC_WARN_UNDECLARED_SELECTOR = YES;
				GCC_WARN_UNINITIALIZED_AUTOS = YES_AGGRESSIVE;
				GCC_WARN_UNUSED_FUNCTION = YES;
				GCC_WARN_UNUSED_VARIABLE = YES;
				IPHONEOS_DEPLOYMENT_TARGET = 17.2;
				LOCALIZATION_PREFERS_STRING_CATALOGS = YES;
				MTL_ENABLE_DEBUG_INFO = NO;
				MTL_FAST_MATH = YES;
				SDKROOT = iphoneos;
				SWIFT_COMPILATION_MODE = wholemodule;
				VALIDATE_PRODUCT = YES;
			};
			name = Release;
		};
		F3C347802B766F1800AF9272 /* Debug */ = {
			isa = XCBuildConfiguration;
			buildSettings = {
				ASSETCATALOG_COMPILER_APPICON_NAME = AppIcon;
				ASSETCATALOG_COMPILER_GLOBAL_ACCENT_COLOR_NAME = AccentColor;
				CODE_SIGN_STYLE = Automatic;
				CURRENT_PROJECT_VERSION = 1;
				DEVELOPMENT_TEAM = UBQJ28VPV8;
				GENERATE_INFOPLIST_FILE = YES;
				INFOPLIST_FILE = Tracker/Info.plist;
				INFOPLIST_KEY_UIApplicationSupportsIndirectInputEvents = YES;
				INFOPLIST_KEY_UILaunchStoryboardName = "";
				INFOPLIST_KEY_UIMainStoryboardFile = "";
				INFOPLIST_KEY_UIStatusBarStyle = "";
				INFOPLIST_KEY_UISupportedInterfaceOrientations = UIInterfaceOrientationPortrait;
				INFOPLIST_KEY_UISupportedInterfaceOrientations_iPad = "UIInterfaceOrientationLandscapeLeft UIInterfaceOrientationLandscapeRight UIInterfaceOrientationPortrait UIInterfaceOrientationPortraitUpsideDown";
				IPHONEOS_DEPLOYMENT_TARGET = 13.4;
				LD_RUNPATH_SEARCH_PATHS = (
					"$(inherited)",
					"@executable_path/Frameworks",
				);
				MARKETING_VERSION = 1.0;
				PRODUCT_BUNDLE_IDENTIFIER = com.LolaChernysheva.Tracker;
				PRODUCT_NAME = "$(TARGET_NAME)";
				SUPPORTED_PLATFORMS = "iphoneos iphonesimulator";
				SUPPORTS_MACCATALYST = NO;
				SUPPORTS_MAC_DESIGNED_FOR_IPHONE_IPAD = NO;
				SWIFT_EMIT_LOC_STRINGS = YES;
				SWIFT_VERSION = 5.0;
				TARGETED_DEVICE_FAMILY = 1;
			};
			name = Debug;
		};
		F3C347812B766F1800AF9272 /* Release */ = {
			isa = XCBuildConfiguration;
			buildSettings = {
				ASSETCATALOG_COMPILER_APPICON_NAME = AppIcon;
				ASSETCATALOG_COMPILER_GLOBAL_ACCENT_COLOR_NAME = AccentColor;
				CODE_SIGN_STYLE = Automatic;
				CURRENT_PROJECT_VERSION = 1;
				DEVELOPMENT_TEAM = UBQJ28VPV8;
				GENERATE_INFOPLIST_FILE = YES;
				INFOPLIST_FILE = Tracker/Info.plist;
				INFOPLIST_KEY_UIApplicationSupportsIndirectInputEvents = YES;
				INFOPLIST_KEY_UILaunchStoryboardName = "";
				INFOPLIST_KEY_UIMainStoryboardFile = "";
				INFOPLIST_KEY_UIStatusBarStyle = "";
				INFOPLIST_KEY_UISupportedInterfaceOrientations = UIInterfaceOrientationPortrait;
				INFOPLIST_KEY_UISupportedInterfaceOrientations_iPad = "UIInterfaceOrientationLandscapeLeft UIInterfaceOrientationLandscapeRight UIInterfaceOrientationPortrait UIInterfaceOrientationPortraitUpsideDown";
				IPHONEOS_DEPLOYMENT_TARGET = 13.4;
				LD_RUNPATH_SEARCH_PATHS = (
					"$(inherited)",
					"@executable_path/Frameworks",
				);
				MARKETING_VERSION = 1.0;
				PRODUCT_BUNDLE_IDENTIFIER = com.LolaChernysheva.Tracker;
				PRODUCT_NAME = "$(TARGET_NAME)";
				SUPPORTED_PLATFORMS = "iphoneos iphonesimulator";
				SUPPORTS_MACCATALYST = NO;
				SUPPORTS_MAC_DESIGNED_FOR_IPHONE_IPAD = NO;
				SWIFT_EMIT_LOC_STRINGS = YES;
				SWIFT_VERSION = 5.0;
				TARGETED_DEVICE_FAMILY = 1;
			};
			name = Release;
		};
/* End XCBuildConfiguration section */

/* Begin XCConfigurationList section */
		F3C347662B766F1700AF9272 /* Build configuration list for PBXProject "Tracker" */ = {
			isa = XCConfigurationList;
			buildConfigurations = (
				F3C3477D2B766F1800AF9272 /* Debug */,
				F3C3477E2B766F1800AF9272 /* Release */,
			);
			defaultConfigurationIsVisible = 0;
			defaultConfigurationName = Release;
		};
		F3C3477F2B766F1800AF9272 /* Build configuration list for PBXNativeTarget "Tracker" */ = {
			isa = XCConfigurationList;
			buildConfigurations = (
				F3C347802B766F1800AF9272 /* Debug */,
				F3C347812B766F1800AF9272 /* Release */,
			);
			defaultConfigurationIsVisible = 0;
			defaultConfigurationName = Release;
		};
/* End XCConfigurationList section */

/* Begin XCVersionGroup section */
		F3E71CB72B986DB000D91AA5 /* TrackersDBModel.xcdatamodeld */ = {
			isa = XCVersionGroup;
			children = (
				F3E71CB82B986DB000D91AA5 /* TrackersDataBase.xcdatamodel */,
			);
			currentVersion = F3E71CB82B986DB000D91AA5 /* TrackersDataBase.xcdatamodel */;
			path = TrackersDBModel.xcdatamodeld;
			sourceTree = "<group>";
			versionGroupType = wrapper.xcdatamodel;
		};
/* End XCVersionGroup section */
	};
	rootObject = F3C347632B766F1700AF9272 /* Project object */;
}
